# This file is automatically @generated by Poetry 1.4.2 and should not be changed by hand.

[[package]]
name = "pydicom"
version = "2.4.3"
description = "A pure Python package for reading and writing DICOM data"
category = "main"
optional = false
python-versions = ">=3.7"
files = [
    {file = "pydicom-2.4.3-py3-none-any.whl", hash = "sha256:797e84f7b22e5f8bce403da505935b0787dca33550891f06495d14b3f6c70504"},
    {file = "pydicom-2.4.3.tar.gz", hash = "sha256:51906e0b9fb6e184a0f56298cb43ed716b7cf7edc00f6b71d5c769bc1f982402"},
]

[package.extras]
docs = ["matplotlib", "numpy", "numpydoc", "pillow", "sphinx", "sphinx-copybutton", "sphinx-gallery", "sphinx_rtd_theme", "sphinxcontrib-napoleon"]

[metadata]
lock-version = "2.0"
python-versions = "^3.11"
content-hash = "0cb7b83fee537ec97449961bec7f7dbf427c0373c6d175987667b7859ac297ec"
